
Microsoft Visual Studio Solution File, Format Version 12.00
# Visual Studio 14
VisualStudioVersion = 14.0.23107.0
MinimumVisualStudioVersion = 10.0.40219.1
Project("{FAE04EC0-301F-11D3-BF4B-00C04F79EFBC}") = "ConfigMgrTSAction", "ConfigMgrTSAction\ConfigMgrTSAction.csproj", "{63341824-62E0-4E82-8E81-2E09E1A1E585}"
EndProject
Global
	GlobalSection(SolutionConfigurationPlatforms) = preSolution
		Debug|Any CPU = Debug|Any CPU
		Release|Any CPU = Release|Any CPU
	EndGlobalSection
	GlobalSection(ProjectConfigurationPlatforms) = postSolution
		{63341824-62E0-4E82-8E81-2E09E1A1E585}.Debug|Any CPU.ActiveCfg = Debug|Any CPU
		{63341824-62E0-4E82-8E81-2E09E1A1E585}.Debug|Any CPU.Build.0 = Debug|Any CPU
		{63341824-62E0-4E82-8E81-2E09E1A1E585}.Release|Any CPU.ActiveCfg = Release|Any CPU
		{63341824-62E0-4E82-8E81-2E09E1A1E585}.Release|Any CPU.Build.0 = Release|Any CPU
	EndGlobalSection
	GlobalSection(SolutionProperties) = preSolution
		HideSolutionNode = FALSE
	EndGlobalSection
EndGlobal
